
Microsoft Visual Studio Solution File, Format Version 12.00
# Visual Studio 15
VisualStudioVersion = 15.0.27703.2018
MinimumVisualStudioVersion = 10.0.40219.1
Project("{FAE04EC0-301F-11D3-BF4B-00C04F79EFBC}") = "tgsocks", "tgsocks\tgsocks.csproj", "{EAC573CC-B32F-4000-B6C2-7B8C2D363559}"
EndProject
Project("{FAE04EC0-301F-11D3-BF4B-00C04F79EFBC}") = "MTProto", "MTProto\MTProto.csproj", "{72E685ED-DE84-44D4-820F-ACAF392E0CD5}"
EndProject
Global
	GlobalSection(SolutionConfigurationPlatforms) = preSolution
		Debug|Any CPU = Debug|Any CPU
		Release|Any CPU = Release|Any CPU
	EndGlobalSection
	GlobalSection(ProjectConfigurationPlatforms) = postSolution
		{EAC573CC-B32F-4000-B6C2-7B8C2D363559}.Debug|Any CPU.ActiveCfg = Debug|Any CPU
		{EAC573CC-B32F-4000-B6C2-7B8C2D363559}.Debug|Any CPU.Build.0 = Debug|Any CPU
		{EAC573CC-B32F-4000-B6C2-7B8C2D363559}.Release|Any CPU.ActiveCfg = Release|Any CPU
		{EAC573CC-B32F-4000-B6C2-7B8C2D363559}.Release|Any CPU.Build.0 = Release|Any CPU
		{72E685ED-DE84-44D4-820F-ACAF392E0CD5}.Debug|Any CPU.ActiveCfg = Debug|Any CPU
		{72E685ED-DE84-44D4-820F-ACAF392E0CD5}.Debug|Any CPU.Build.0 = Debug|Any CPU
		{72E685ED-DE84-44D4-820F-ACAF392E0CD5}.Release|Any CPU.ActiveCfg = Release|Any CPU
		{72E685ED-DE84-44D4-820F-ACAF392E0CD5}.Release|Any CPU.Build.0 = Release|Any CPU
	EndGlobalSection
	GlobalSection(SolutionProperties) = preSolution
		HideSolutionNode = FALSE
	EndGlobalSection
	GlobalSection(ExtensibilityGlobals) = postSolution
		SolutionGuid = {CAC1FF5B-D7E3-4A4A-AFE6-F902A892E443}
	EndGlobalSection
EndGlobal
